github.com/avast/apkparser v0.0.0-20240729092610-90591e0804ae h1:rDNramK9mnAbvUBJyIRZnzHchM45cXexHIX9pS9da4Q=
github.com/avast/apkparser v0.0.0-20240729092610-90591e0804ae/go.mod h1:GNvprXNmXaDjpHmN3RFxz5QdK5VXTUvmQludCbjoBy4=
github.com/klauspost/compress v1.16.6 h1:91SKEy4K37vkp255cJ8QesJhjyRO0hn9i9G0GoUwLsk=
github.com/klauspost/compress v1.16.6/go.mod h1:ntbaceVETuRiXiv4DpjP66DpAtAGkEQskQzEyD//IeE=
github.com/smm-goddess/manifestparser v0.0.0-20200403030808-e5bd0a5c3256 h1:GeUGUA48zIBhgEyitK/MSQxynhfu9v/DYPcMs639uKI=
github.com/smm-goddess/manifestparser v0.0.0-20200403030808-e5bd0a5c3256/go.mod h1:yL81pXjljY8C9MC6yaq/f0exo69LSo8JKt4vchmakEo=
golang.org/x/text v0.3.2 h1:tW2bmiBqwgJj/UpqtC8EpXEZVYOwU0yG4iWbprSVAcs=
golang.org/x/text v0.3.2/go.mod h1:bEr9sfX3Q8Zfm5fL9x+3itogRgK3+ptLWKqgva+5dAk=
golang.org/x/tools v0.0.0-20180917221912-90fa682c2a6e/go.mod h1:n7NCudcB/nEzxVGmLbDWY5pfWTLqBcC2KZ6jyYvM4mQ=
